
Microsoft Visual Studio Solution File, Format Version 12.00
# Visual Studio Version 17
VisualStudioVersion = 17.5.002.0
MinimumVisualStudioVersion = 10.0.40219.1
Project("{9A19103F-16F7-4668-BE54-9A1E7A4F7556}") = "PROBLEMA2", "PROBLEMA2.csproj", "{BB0743F6-EC49-4AEC-A2AE-F93D56DA22BA}"
EndProject
Global
	GlobalSection(SolutionConfigurationPlatforms) = preSolution
		Debug|Any CPU = Debug|Any CPU
		Release|Any CPU = Release|Any CPU
	EndGlobalSection
	GlobalSection(ProjectConfigurationPlatforms) = postSolution
		{BB0743F6-EC49-4AEC-A2AE-F93D56DA22BA}.Debug|Any CPU.ActiveCfg = Debug|Any CPU
		{BB0743F6-EC49-4AEC-A2AE-F93D56DA22BA}.Debug|Any CPU.Build.0 = Debug|Any CPU
		{BB0743F6-EC49-4AEC-A2AE-F93D56DA22BA}.Release|Any CPU.ActiveCfg = Release|Any CPU
		{BB0743F6-EC49-4AEC-A2AE-F93D56DA22BA}.Release|Any CPU.Build.0 = Release|Any CPU
	EndGlobalSection
	GlobalSection(SolutionProperties) = preSolution
		HideSolutionNode = FALSE
	EndGlobalSection
	GlobalSection(ExtensibilityGlobals) = postSolution
		SolutionGuid = {22097E8E-E0AA-4D6F-A497-84204B8E5349}
	EndGlobalSection
EndGlobal
